// !$*UTF8*$!
{
	archiveVersion = 1;
	classes = {
	};
	objectVersion = 46;
	objects = {

/* Begin PBXBuildFile section */
		FC2647C415EC5DBA00CAD424 /* rounded_navbar_bg.png in Resources */ = {isa = PBXBuildFile; fileRef = FC2647C215EC5DBA00CAD424 /* rounded_navbar_bg.png */; };
		FC2647C515EC5DBA00CAD424 /* rounded_navbar_bg@2x.png in Resources */ = {isa = PBXBuildFile; fileRef = FC2647C315EC5DBA00CAD424 /* rounded_navbar_bg@2x.png */; };
		FC4F8F8615E48C3100D8C0DC /* UINavigationBar+CustomImage.m in Sources */ = {isa = PBXBuildFile; fileRef = FC4F8F8515E48C3100D8C0DC /* UINavigationBar+CustomImage.m */; };
		FC5920C615E35E97004266C6 /* UIKit.framework in Frameworks */ = {isa = PBXBuildFile; fileRef = FC5920C515E35E97004266C6 /* UIKit.framework */; };
		FC5920C815E35E97004266C6 /* Foundation.framework in Frameworks */ = {isa = PBXBuildFile; fileRef = FC5920C715E35E97004266C6 /* Foundation.framework */; };
		FC5920CA15E35E97004266C6 /* CoreGraphics.framework in Frameworks */ = {isa = PBXBuildFile; fileRef = FC5920C915E35E97004266C6 /* CoreGraphics.framework */; };
		FC5920D015E35E97004266C6 /* InfoPlist.strings in Resources */ = {isa = PBXBuildFile; fileRef = FC5920CE15E35E97004266C6 /* InfoPlist.strings */; };
		FC5920D215E35E97004266C6 /* main.m in Sources */ = {isa = PBXBuildFile; fileRef = FC5920D115E35E97004266C6 /* main.m */; };
		FC5920D615E35E97004266C6 /* AppDelegate.m in Sources */ = {isa = PBXBuildFile; fileRef = FC5920D515E35E97004266C6 /* AppDelegate.m */; };
		FC5920DF15E35FAB004266C6 /* NSURL+LibraryHandling.m in Sources */ = {isa = PBXBuildFile; fileRef = FC5920DE15E35FAB004266C6 /* NSURL+LibraryHandling.m */; };
		FC5920E615E3632B004266C6 /* NSString+HTMLEscape.m in Sources */ = {isa = PBXBuildFile; fileRef = FC5920E515E3632B004266C6 /* NSString+HTMLEscape.m */; };
		FC5920E915E36378004266C6 /* NSURL+QueryHandling.m in Sources */ = {isa = PBXBuildFile; fileRef = FC5920E815E36378004266C6 /* NSURL+QueryHandling.m */; };
		FC5920EC15E363BA004266C6 /* NSString+SHA1.m in Sources */ = {isa = PBXBuildFile; fileRef = FC5920EB15E363BA004266C6 /* NSString+SHA1.m */; };
		FC5920EF15E363F8004266C6 /* UIImage+NSCoding.m in Sources */ = {isa = PBXBuildFile; fileRef = FC5920EE15E363F8004266C6 /* UIImage+NSCoding.m */; };
		FC5920F215E36445004266C6 /* NSString+Commify.m in Sources */ = {isa = PBXBuildFile; fileRef = FC5920F115E36444004266C6 /* NSString+Commify.m */; };
		FC5920F515E36496004266C6 /* NSData+Base64.m in Sources */ = {isa = PBXBuildFile; fileRef = FC5920F415E36496004266C6 /* NSData+Base64.m */; };
		FC5BCE6A15E4876100A4F29C /* navbar_bg.png in Resources */ = {isa = PBXBuildFile; fileRef = FC5BCE6815E4876100A4F29C /* navbar_bg.png */; };
		FC5BCE6B15E4876100A4F29C /* navbar_bg@2x.png in Resources */ = {isa = PBXBuildFile; fileRef = FC5BCE6915E4876100A4F29C /* navbar_bg@2x.png */; };
		FC95A82F15E49E4C0056F0EF /* MessageUI.framework in Frameworks */ = {isa = PBXBuildFile; fileRef = FC95A82E15E49E4C0056F0EF /* MessageUI.framework */; };
		FC95A83115E49FBF0056F0EF /* BlocksKit.framework in Frameworks */ = {isa = PBXBuildFile; fileRef = FC95A83015E49FBF0056F0EF /* BlocksKit.framework */; };
		FC95A83A15E4C7CE0056F0EF /* back_arrow.png in Resources */ = {isa = PBXBuildFile; fileRef = FC95A83815E4C7CE0056F0EF /* back_arrow.png */; };
		FC95A83B15E4C7CE0056F0EF /* back_arrow@2x.png in Resources */ = {isa = PBXBuildFile; fileRef = FC95A83915E4C7CE0056F0EF /* back_arrow@2x.png */; };
/* End PBXBuildFile section */

/* Begin PBXFileReference section */
		FC2647C215EC5DBA00CAD424 /* rounded_navbar_bg.png */ = {isa = PBXFileReference; lastKnownFileType = image.png; path = rounded_navbar_bg.png; sourceTree = "<group>"; };
		FC2647C315EC5DBA00CAD424 /* rounded_navbar_bg@2x.png */ = {isa = PBXFileReference; lastKnownFileType = image.png; path = "rounded_navbar_bg@2x.png"; sourceTree = "<group>"; };
		FC4F8F8415E48C3100D8C0DC /* UINavigationBar+CustomImage.h */ = {isa = PBXFileReference; fileEncoding = 4; lastKnownFileType = sourcecode.c.h; path = "UINavigationBar+CustomImage.h"; sourceTree = "<group>"; };
		FC4F8F8515E48C3100D8C0DC /* UINavigationBar+CustomImage.m */ = {isa = PBXFileReference; fileEncoding = 4; lastKnownFileType = sourcecode.c.objc; path = "UINavigationBar+CustomImage.m"; sourceTree = "<group>"; };
		FC4F8F8715E48E4500D8C0DC /* cgMacros.h */ = {isa = PBXFileReference; lastKnownFileType = sourcecode.c.h; path = cgMacros.h; sourceTree = "<group>"; };
		FC5920C115E35E97004266C6 /* YKUtility.app */ = {isa = PBXFileReference; explicitFileType = wrapper.application; includeInIndex = 0; path = YKUtility.app; sourceTree = BUILT_PRODUCTS_DIR; };
		FC5920C515E35E97004266C6 /* UIKit.framework */ = {isa = PBXFileReference; lastKnownFileType = wrapper.framework; name = UIKit.framework; path = System/Library/Frameworks/UIKit.framework; sourceTree = SDKROOT; };
		FC5920C715E35E97004266C6 /* Foundation.framework */ = {isa = PBXFileReference; lastKnownFileType = wrapper.framework; name = Foundation.framework; path = System/Library/Frameworks/Foundation.framework; sourceTree = SDKROOT; };
		FC5920C915E35E97004266C6 /* CoreGraphics.framework */ = {isa = PBXFileReference; lastKnownFileType = wrapper.framework; name = CoreGraphics.framework; path = System/Library/Frameworks/CoreGraphics.framework; sourceTree = SDKROOT; };
		FC5920CD15E35E97004266C6 /* YKUtility-Info.plist */ = {isa = PBXFileReference; lastKnownFileType = text.plist.xml; path = "YKUtility-Info.plist"; sourceTree = "<group>"; };
		FC5920CF15E35E97004266C6 /* en */ = {isa = PBXFileReference; lastKnownFileType = text.plist.strings; name = en; path = en.lproj/InfoPlist.strings; sourceTree = "<group>"; };
		FC5920D115E35E97004266C6 /* main.m */ = {isa = PBXFileReference; lastKnownFileType = sourcecode.c.objc; path = main.m; sourceTree = "<group>"; };
		FC5920D315E35E97004266C6 /* YKUtility-Prefix.pch */ = {isa = PBXFileReference; lastKnownFileType = sourcecode.c.h; path = "YKUtility-Prefix.pch"; sourceTree = "<group>"; };
		FC5920D415E35E97004266C6 /* AppDelegate.h */ = {isa = PBXFileReference; lastKnownFileType = sourcecode.c.h; path = AppDelegate.h; sourceTree = "<group>"; };
		FC5920D515E35E97004266C6 /* AppDelegate.m */ = {isa = PBXFileReference; lastKnownFileType = sourcecode.c.objc; path = AppDelegate.m; sourceTree = "<group>"; };
		FC5920DC15E35EBB004266C6 /* debugMacros.h */ = {isa = PBXFileReference; lastKnownFileType = sourcecode.c.h; path = debugMacros.h; sourceTree = "<group>"; };
		FC5920DD15E35FAB004266C6 /* NSURL+LibraryHandling.h */ = {isa = PBXFileReference; fileEncoding = 4; lastKnownFileType = sourcecode.c.h; path = "NSURL+LibraryHandling.h"; sourceTree = "<group>"; };
		FC5920DE15E35FAB004266C6 /* NSURL+LibraryHandling.m */ = {isa = PBXFileReference; fileEncoding = 4; lastKnownFileType = sourcecode.c.objc; path = "NSURL+LibraryHandling.m"; sourceTree = "<group>"; };
		FC5920E315E36246004266C6 /* colorMacros.h */ = {isa = PBXFileReference; lastKnownFileType = sourcecode.c.h; path = colorMacros.h; sourceTree = "<group>"; };
		FC5920E415E3632B004266C6 /* NSString+HTMLEscape.h */ = {isa = PBXFileReference; fileEncoding = 4; lastKnownFileType = sourcecode.c.h; path = "NSString+HTMLEscape.h"; sourceTree = "<group>"; };
		FC5920E515E3632B004266C6 /* NSString+HTMLEscape.m */ = {isa = PBXFileReference; fileEncoding = 4; lastKnownFileType = sourcecode.c.objc; path = "NSString+HTMLEscape.m"; sourceTree = "<group>"; };
		FC5920E715E36378004266C6 /* NSURL+QueryHandling.h */ = {isa = PBXFileReference; fileEncoding = 4; lastKnownFileType = sourcecode.c.h; path = "NSURL+QueryHandling.h"; sourceTree = "<group>"; };
		FC5920E815E36378004266C6 /* NSURL+QueryHandling.m */ = {isa = PBXFileReference; fileEncoding = 4; lastKnownFileType = sourcecode.c.objc; path = "NSURL+QueryHandling.m"; sourceTree = "<group>"; };
		FC5920EA15E363BA004266C6 /* NSString+SHA1.h */ = {isa = PBXFileReference; fileEncoding = 4; lastKnownFileType = sourcecode.c.h; path = "NSString+SHA1.h"; sourceTree = "<group>"; };
		FC5920EB15E363BA004266C6 /* NSString+SHA1.m */ = {isa = PBXFileReference; fileEncoding = 4; lastKnownFileType = sourcecode.c.objc; path = "NSString+SHA1.m"; sourceTree = "<group>"; };
		FC5920ED15E363F8004266C6 /* UIImage+NSCoding.h */ = {isa = PBXFileReference; fileEncoding = 4; lastKnownFileType = sourcecode.c.h; path = "UIImage+NSCoding.h"; sourceTree = "<group>"; };
		FC5920EE15E363F8004266C6 /* UIImage+NSCoding.m */ = {isa = PBXFileReference; fileEncoding = 4; lastKnownFileType = sourcecode.c.objc; path = "UIImage+NSCoding.m"; sourceTree = "<group>"; };
		FC5920F015E36444004266C6 /* NSString+Commify.h */ = {isa = PBXFileReference; fileEncoding = 4; lastKnownFileType = sourcecode.c.h; path = "NSString+Commify.h"; sourceTree = "<group>"; };
		FC5920F115E36444004266C6 /* NSString+Commify.m */ = {isa = PBXFileReference; fileEncoding = 4; lastKnownFileType = sourcecode.c.objc; path = "NSString+Commify.m"; sourceTree = "<group>"; };
		FC5920F315E36496004266C6 /* NSData+Base64.h */ = {isa = PBXFileReference; fileEncoding = 4; lastKnownFileType = sourcecode.c.h; path = "NSData+Base64.h"; sourceTree = "<group>"; };
		FC5920F415E36496004266C6 /* NSData+Base64.m */ = {isa = PBXFileReference; fileEncoding = 4; lastKnownFileType = sourcecode.c.objc; path = "NSData+Base64.m"; sourceTree = "<group>"; };
		FC5BCE6815E4876100A4F29C /* navbar_bg.png */ = {isa = PBXFileReference; lastKnownFileType = image.png; path = navbar_bg.png; sourceTree = "<group>"; };
		FC5BCE6915E4876100A4F29C /* navbar_bg@2x.png */ = {isa = PBXFileReference; lastKnownFileType = image.png; path = "navbar_bg@2x.png"; sourceTree = "<group>"; };
		FC95A82E15E49E4C0056F0EF /* MessageUI.framework */ = {isa = PBXFileReference; lastKnownFileType = wrapper.framework; name = MessageUI.framework; path = System/Library/Frameworks/MessageUI.framework; sourceTree = SDKROOT; };
		FC95A83015E49FBF0056F0EF /* BlocksKit.framework */ = {isa = PBXFileReference; lastKnownFileType = wrapper.framework; name = BlocksKit.framework; path = vendor/BlocksKit.framework; sourceTree = "<group>"; };
		FC95A83815E4C7CE0056F0EF /* back_arrow.png */ = {isa = PBXFileReference; lastKnownFileType = image.png; path = back_arrow.png; sourceTree = "<group>"; };
		FC95A83915E4C7CE0056F0EF /* back_arrow@2x.png */ = {isa = PBXFileReference; lastKnownFileType = image.png; path = "back_arrow@2x.png"; sourceTree = "<group>"; };
/* End PBXFileReference section */

/* Begin PBXFrameworksBuildPhase section */
		FC5920BE15E35E97004266C6 /* Frameworks */ = {
			isa = PBXFrameworksBuildPhase;
			buildActionMask = 2147483647;
			files = (
				FC95A82F15E49E4C0056F0EF /* MessageUI.framework in Frameworks */,
				FC5920C615E35E97004266C6 /* UIKit.framework in Frameworks */,
				FC5920C815E35E97004266C6 /* Foundation.framework in Frameworks */,
				FC5920CA15E35E97004266C6 /* CoreGraphics.framework in Frameworks */,
				FC95A83115E49FBF0056F0EF /* BlocksKit.framework in Frameworks */,
			);
			runOnlyForDeploymentPostprocessing = 0;
		};
/* End PBXFrameworksBuildPhase section */

/* Begin PBXGroup section */
		FC4F8F8815E48F4300D8C0DC /* View */ = {
			isa = PBXGroup;
			children = (
			);
			name = View;
			sourceTree = "<group>";
		};
		FC5920B615E35E97004266C6 = {
			isa = PBXGroup;
			children = (
				FC5920CB15E35E97004266C6 /* YKUtility */,
				FC5920C415E35E97004266C6 /* Frameworks */,
				FC5920C215E35E97004266C6 /* Products */,
			);
			sourceTree = "<group>";
		};
		FC5920C215E35E97004266C6 /* Products */ = {
			isa = PBXGroup;
			children = (
				FC5920C115E35E97004266C6 /* YKUtility.app */,
			);
			name = Products;
			sourceTree = "<group>";
		};
		FC5920C415E35E97004266C6 /* Frameworks */ = {
			isa = PBXGroup;
			children = (
				FC95A83015E49FBF0056F0EF /* BlocksKit.framework */,
				FC95A82E15E49E4C0056F0EF /* MessageUI.framework */,
				FC5920C515E35E97004266C6 /* UIKit.framework */,
				FC5920C715E35E97004266C6 /* Foundation.framework */,
				FC5920C915E35E97004266C6 /* CoreGraphics.framework */,
			);
			name = Frameworks;
			sourceTree = "<group>";
		};
		FC5920CB15E35E97004266C6 /* YKUtility */ = {
			isa = PBXGroup;
			children = (
				FC4F8F8815E48F4300D8C0DC /* View */,
				FC5BCE7115E487CB00A4F29C /* Macro */,
				FC5BCE7015E487B600A4F29C /* Controller */,
				FC5BCE6F15E4879E00A4F29C /* Category */,
				FC5BCE6715E4876100A4F29C /* images */,
				FC5920CC15E35E97004266C6 /* Supporting Files */,
				FC5920D415E35E97004266C6 /* AppDelegate.h */,
				FC5920D515E35E97004266C6 /* AppDelegate.m */,
			);
			path = YKUtility;
			sourceTree = "<group>";
		};
		FC5920CC15E35E97004266C6 /* Supporting Files */ = {
			isa = PBXGroup;
			children = (
				FC5920CD15E35E97004266C6 /* YKUtility-Info.plist */,
				FC5920CE15E35E97004266C6 /* InfoPlist.strings */,
				FC5920D115E35E97004266C6 /* main.m */,
				FC5920D315E35E97004266C6 /* YKUtility-Prefix.pch */,
			);
			name = "Supporting Files";
			sourceTree = "<group>";
		};
		FC5BCE6715E4876100A4F29C /* images */ = {
			isa = PBXGroup;
			children = (
				FC95A83815E4C7CE0056F0EF /* back_arrow.png */,
				FC95A83915E4C7CE0056F0EF /* back_arrow@2x.png */,
				FC2647C215EC5DBA00CAD424 /* rounded_navbar_bg.png */,
				FC2647C315EC5DBA00CAD424 /* rounded_navbar_bg@2x.png */,
				FC5BCE6815E4876100A4F29C /* navbar_bg.png */,
				FC5BCE6915E4876100A4F29C /* navbar_bg@2x.png */,
			);
			path = images;
			sourceTree = SOURCE_ROOT;
		};
		FC5BCE6F15E4879E00A4F29C /* Category */ = {
			isa = PBXGroup;
			children = (
				FC5920DD15E35FAB004266C6 /* NSURL+LibraryHandling.h */,
				FC5920DE15E35FAB004266C6 /* NSURL+LibraryHandling.m */,
				FC5920E715E36378004266C6 /* NSURL+QueryHandling.h */,
				FC5920E815E36378004266C6 /* NSURL+QueryHandling.m */,
				FC5920E415E3632B004266C6 /* NSString+HTMLEscape.h */,
				FC5920E515E3632B004266C6 /* NSString+HTMLEscape.m */,
				FC5920EA15E363BA004266C6 /* NSString+SHA1.h */,
				FC5920EB15E363BA004266C6 /* NSString+SHA1.m */,
				FC5920F015E36444004266C6 /* NSString+Commify.h */,
				FC5920F115E36444004266C6 /* NSString+Commify.m */,
				FC5920ED15E363F8004266C6 /* UIImage+NSCoding.h */,
				FC5920EE15E363F8004266C6 /* UIImage+NSCoding.m */,
				FC5920F315E36496004266C6 /* NSData+Base64.h */,
				FC5920F415E36496004266C6 /* NSData+Base64.m */,
				FC4F8F8415E48C3100D8C0DC /* UINavigationBar+CustomImage.h */,
				FC4F8F8515E48C3100D8C0DC /* UINavigationBar+CustomImage.m */,
			);
			name = Category;
			sourceTree = "<group>";
		};
		FC5BCE7015E487B600A4F29C /* Controller */ = {
			isa = PBXGroup;
			children = (
			);
			name = Controller;
			sourceTree = "<group>";
		};
		FC5BCE7115E487CB00A4F29C /* Macro */ = {
			isa = PBXGroup;
			children = (
				FC5920DC15E35EBB004266C6 /* debugMacros.h */,
				FC5920E315E36246004266C6 /* colorMacros.h */,
				FC4F8F8715E48E4500D8C0DC /* cgMacros.h */,
			);
			name = Macro;
			sourceTree = "<group>";
		};
/* End PBXGroup section */

/* Begin PBXNativeTarget section */
		FC5920C015E35E97004266C6 /* YKUtility */ = {
			isa = PBXNativeTarget;
			buildConfigurationList = FC5920D915E35E97004266C6 /* Build configuration list for PBXNativeTarget "YKUtility" */;
			buildPhases = (
				FC5920BD15E35E97004266C6 /* Sources */,
				FC5920BE15E35E97004266C6 /* Frameworks */,
				FC5920BF15E35E97004266C6 /* Resources */,
			);
			buildRules = (
			);
			dependencies = (
			);
			name = YKUtility;
			productName = YKUtility;
			productReference = FC5920C115E35E97004266C6 /* YKUtility.app */;
			productType = "com.apple.product-type.application";
		};
/* End PBXNativeTarget section */

/* Begin PBXProject section */
		FC5920B815E35E97004266C6 /* Project object */ = {
			isa = PBXProject;
			attributes = {
				LastUpgradeCheck = 0440;
				ORGANIZATIONNAME = "Yoshiki Kurihara";
			};
			buildConfigurationList = FC5920BB15E35E97004266C6 /* Build configuration list for PBXProject "YKUtility" */;
			compatibilityVersion = "Xcode 3.2";
			developmentRegion = English;
			hasScannedForEncodings = 0;
			knownRegions = (
				en,
			);
			mainGroup = FC5920B615E35E97004266C6;
			productRefGroup = FC5920C215E35E97004266C6 /* Products */;
			projectDirPath = "";
			projectRoot = "";
			targets = (
				FC5920C015E35E97004266C6 /* YKUtility */,
			);
		};
/* End PBXProject section */

/* Begin PBXResourcesBuildPhase section */
		FC5920BF15E35E97004266C6 /* Resources */ = {
			isa = PBXResourcesBuildPhase;
			buildActionMask = 2147483647;
			files = (
				FC5920D015E35E97004266C6 /* InfoPlist.strings in Resources */,
				FC5BCE6A15E4876100A4F29C /* navbar_bg.png in Resources */,
				FC5BCE6B15E4876100A4F29C /* navbar_bg@2x.png in Resources */,
				FC95A83A15E4C7CE0056F0EF /* back_arrow.png in Resources */,
				FC95A83B15E4C7CE0056F0EF /* back_arrow@2x.png in Resources */,
				FC2647C415EC5DBA00CAD424 /* rounded_navbar_bg.png in Resources */,
				FC2647C515EC5DBA00CAD424 /* rounded_navbar_bg@2x.png in Resources */,
			);
			runOnlyForDeploymentPostprocessing = 0;
		};
/* End PBXResourcesBuildPhase section */

/* Begin PBXSourcesBuildPhase section */
		FC5920BD15E35E97004266C6 /* Sources */ = {
			isa = PBXSourcesBuildPhase;
			buildActionMask = 2147483647;
			files = (
				FC5920D215E35E97004266C6 /* main.m in Sources */,
				FC5920D615E35E97004266C6 /* AppDelegate.m in Sources */,
				FC5920DF15E35FAB004266C6 /* NSURL+LibraryHandling.m in Sources */,
				FC5920E615E3632B004266C6 /* NSString+HTMLEscape.m in Sources */,
				FC5920E915E36378004266C6 /* NSURL+QueryHandling.m in Sources */,
				FC5920EC15E363BA004266C6 /* NSString+SHA1.m in Sources */,
				FC5920EF15E363F8004266C6 /* UIImage+NSCoding.m in Sources */,
				FC5920F215E36445004266C6 /* NSString+Commify.m in Sources */,
				FC5920F515E36496004266C6 /* NSData+Base64.m in Sources */,
				FC4F8F8615E48C3100D8C0DC /* UINavigationBar+CustomImage.m in Sources */,
			);
			runOnlyForDeploymentPostprocessing = 0;
		};
/* End PBXSourcesBuildPhase section */

/* Begin PBXVariantGroup section */
		FC5920CE15E35E97004266C6 /* InfoPlist.strings */ = {
			isa = PBXVariantGroup;
			children = (
				FC5920CF15E35E97004266C6 /* en */,
			);
			name = InfoPlist.strings;
			sourceTree = "<group>";
		};
/* End PBXVariantGroup section */

/* Begin XCBuildConfiguration section */
		FC5920D715E35E97004266C6 /* Debug */ = {
			isa = XCBuildConfiguration;
			buildSettings = {
				ALWAYS_SEARCH_USER_PATHS = NO;
				ARCHS = "$(ARCHS_STANDARD_32_BIT)";
				CLANG_CXX_LANGUAGE_STANDARD = "gnu++0x";
				CLANG_ENABLE_OBJC_ARC = YES;
				CLANG_WARN__DUPLICATE_METHOD_MATCH = YES;
				"CODE_SIGN_IDENTITY[sdk=iphoneos*]" = "iPhone Developer";
				COPY_PHASE_STRIP = NO;
				GCC_C_LANGUAGE_STANDARD = gnu99;
				GCC_DYNAMIC_NO_PIC = NO;
				GCC_OPTIMIZATION_LEVEL = 0;
				GCC_PREPROCESSOR_DEFINITIONS = (
					"DEBUG=1",
					"$(inherited)",
				);
				GCC_SYMBOLS_PRIVATE_EXTERN = NO;
				GCC_VERSION = com.apple.compilers.llvm.clang.1_0;
				GCC_WARN_ABOUT_RETURN_TYPE = YES;
				GCC_WARN_UNINITIALIZED_AUTOS = YES;
				GCC_WARN_UNUSED_VARIABLE = YES;
				IPHONEOS_DEPLOYMENT_TARGET = 5.1;
				SDKROOT = iphoneos;
			};
			name = Debug;
		};
		FC5920D815E35E97004266C6 /* Release */ = {
			isa = XCBuildConfiguration;
			buildSettings = {
				ALWAYS_SEARCH_USER_PATHS = NO;
				ARCHS = "$(ARCHS_STANDARD_32_BIT)";
				CLANG_CXX_LANGUAGE_STANDARD = "gnu++0x";
				CLANG_ENABLE_OBJC_ARC = YES;
				CLANG_WARN__DUPLICATE_METHOD_MATCH = YES;
				"CODE_SIGN_IDENTITY[sdk=iphoneos*]" = "iPhone Developer";
				COPY_PHASE_STRIP = YES;
				GCC_C_LANGUAGE_STANDARD = gnu99;
				GCC_VERSION = com.apple.compilers.llvm.clang.1_0;
				GCC_WARN_ABOUT_RETURN_TYPE = YES;
				GCC_WARN_UNINITIALIZED_AUTOS = YES;
				GCC_WARN_UNUSED_VARIABLE = YES;
				IPHONEOS_DEPLOYMENT_TARGET = 5.1;
				OTHER_CFLAGS = "-DNS_BLOCK_ASSERTIONS=1";
				SDKROOT = iphoneos;
				VALIDATE_PRODUCT = YES;
			};
			name = Release;
		};
		FC5920DA15E35E97004266C6 /* Debug */ = {
			isa = XCBuildConfiguration;
			buildSettings = {
				FRAMEWORK_SEARCH_PATHS = (
					"$(inherited)",
					"\"$(SRCROOT)/vendor/BlocksKit\"",
					"\"$(SRCROOT)\"",
					"\"$(SRCROOT)/vendor\"",
				);
				GCC_PRECOMPILE_PREFIX_HEADER = YES;
				GCC_PREFIX_HEADER = "YKUtility/YKUtility-Prefix.pch";
				INFOPLIST_FILE = "YKUtility/YKUtility-Info.plist";
				IPHONEOS_DEPLOYMENT_TARGET = 4.3;
				OTHER_LDFLAGS = (
					"-ObjC",
					"-all_load",
				);
				PRODUCT_NAME = "$(TARGET_NAME)";
				WRAPPER_EXTENSION = app;
			};
			name = Debug;
		};
		FC5920DB15E35E97004266C6 /* Release */ = {
			isa = XCBuildConfiguration;
			buildSettings = {
				FRAMEWORK_SEARCH_PATHS = (
					"$(inherited)",
					"\"$(SRCROOT)/vendor/BlocksKit\"",
					"\"$(SRCROOT)\"",
					"\"$(SRCROOT)/vendor\"",
				);
				GCC_PRECOMPILE_PREFIX_HEADER = YES;
				GCC_PREFIX_HEADER = "YKUtility/YKUtility-Prefix.pch";
				INFOPLIST_FILE = "YKUtility/YKUtility-Info.plist";
				IPHONEOS_DEPLOYMENT_TARGET = 4.3;
				OTHER_LDFLAGS = (
					"-ObjC",
					"-all_load",
				);
				PRODUCT_NAME = "$(TARGET_NAME)";
				WRAPPER_EXTENSION = app;
			};
			name = Release;
		};
/* End XCBuildConfiguration section */

/* Begin XCConfigurationList section */
		FC5920BB15E35E97004266C6 /* Build configuration list for PBXProject "YKUtility" */ = {
			isa = XCConfigurationList;
			buildConfigurations = (
				FC5920D715E35E97004266C6 /* Debug */,
				FC5920D815E35E97004266C6 /* Release */,
			);
			defaultConfigurationIsVisible = 0;
			defaultConfigurationName = Release;
		};
		FC5920D915E35E97004266C6 /* Build configuration list for PBXNativeTarget "YKUtility" */ = {
			isa = XCConfigurationList;
			buildConfigurations = (
				FC5920DA15E35E97004266C6 /* Debug */,
				FC5920DB15E35E97004266C6 /* Release */,
			);
			defaultConfigurationIsVisible = 0;
			defaultConfigurationName = Release;
		};
/* End XCConfigurationList section */
	};
	rootObject = FC5920B815E35E97004266C6 /* Project object */;
}
